
Microsoft Visual Studio Solution File, Format Version 12.00
# Visual Studio 15
VisualStudioVersion = 15.0.27703.2000
MinimumVisualStudioVersion = 10.0.40219.1
Project("{FAE04EC0-301F-11D3-BF4B-00C04F79EFBC}") = "WebApi.RegisterInformation", "WebApi.RegisterInformation\WebApi.RegisterInformation.csproj", "{6C4C139B-5DD3-413D-9F2A-24C076E45326}"
EndProject
Global
	GlobalSection(SolutionConfigurationPlatforms) = preSolution
		Debug|Any CPU = Debug|Any CPU
		Release|Any CPU = Release|Any CPU
	EndGlobalSection
	GlobalSection(ProjectConfigurationPlatforms) = postSolution
		{6C4C139B-5DD3-413D-9F2A-24C076E45326}.Debug|Any CPU.ActiveCfg = Debug|Any CPU
		{6C4C139B-5DD3-413D-9F2A-24C076E45326}.Debug|Any CPU.Build.0 = Debug|Any CPU
		{6C4C139B-5DD3-413D-9F2A-24C076E45326}.Release|Any CPU.ActiveCfg = Release|Any CPU
		{6C4C139B-5DD3-413D-9F2A-24C076E45326}.Release|Any CPU.Build.0 = Release|Any CPU
	EndGlobalSection
	GlobalSection(SolutionProperties) = preSolution
		HideSolutionNode = FALSE
	EndGlobalSection
	GlobalSection(ExtensibilityGlobals) = postSolution
		SolutionGuid = {0C32B137-EAC5-47A5-960B-E6DF8D56AE56}
	EndGlobalSection
EndGlobal
